
Microsoft Visual Studio Solution File, Format Version 12.00
# Visual Studio 15
VisualStudioVersion = 15.0.26403.7
MinimumVisualStudioVersion = 10.0.40219.1
Project("{FAE04EC0-301F-11D3-BF4B-00C04F79EFBC}") = "Penumbra", "Penumbra\Penumbra.csproj", "{5DC88AEC-68C1-4163-B57D-6CD3519D73DF}"
EndProject
Project("{FAE04EC0-301F-11D3-BF4B-00C04F79EFBC}") = "PenumbraOverrideExpiration", "PenumbraOverrideExpiration\PenumbraOverrideExpiration.csproj", "{CABE70A6-6C89-4FB8-91F9-D8CA7CADDF80}"
EndProject
Global
	GlobalSection(SolutionConfigurationPlatforms) = preSolution
		Debug|Any CPU = Debug|Any CPU
		Release|Any CPU = Release|Any CPU
	EndGlobalSection
	GlobalSection(ProjectConfigurationPlatforms) = postSolution
		{5DC88AEC-68C1-4163-B57D-6CD3519D73DF}.Debug|Any CPU.ActiveCfg = Debug|Any CPU
		{5DC88AEC-68C1-4163-B57D-6CD3519D73DF}.Debug|Any CPU.Build.0 = Debug|Any CPU
		{5DC88AEC-68C1-4163-B57D-6CD3519D73DF}.Release|Any CPU.ActiveCfg = Release|Any CPU
		{5DC88AEC-68C1-4163-B57D-6CD3519D73DF}.Release|Any CPU.Build.0 = Release|Any CPU
		{CABE70A6-6C89-4FB8-91F9-D8CA7CADDF80}.Debug|Any CPU.ActiveCfg = Debug|Any CPU
		{CABE70A6-6C89-4FB8-91F9-D8CA7CADDF80}.Debug|Any CPU.Build.0 = Debug|Any CPU
		{CABE70A6-6C89-4FB8-91F9-D8CA7CADDF80}.Release|Any CPU.ActiveCfg = Release|Any CPU
		{CABE70A6-6C89-4FB8-91F9-D8CA7CADDF80}.Release|Any CPU.Build.0 = Release|Any CPU
	EndGlobalSection
	GlobalSection(SolutionProperties) = preSolution
		HideSolutionNode = FALSE
	EndGlobalSection
EndGlobal
